
Microsoft Visual Studio Solution File, Format Version 12.00
# Visual Studio 2015
Project("{FAE04EC0-301F-11D3-BF4B-00C04F79EFBC}") = "Team Survival", "Team Survival.csproj", "{B79E02F0-0D43-E63E-E023-4A4F06E696C6}"
EndProject
Project("{FAE04EC0-301F-11D3-BF4B-00C04F79EFBC}") = "Team Survival.Editor", "Team Survival.Editor.csproj", "{E02DF67C-DCD2-2358-D489-493F83590AC5}"
EndProject
Global
	GlobalSection(SolutionConfigurationPlatforms) = preSolution
		Debug|Any CPU = Debug|Any CPU
		Release|Any CPU = Release|Any CPU
	EndGlobalSection
	GlobalSection(ProjectConfigurationPlatforms) = postSolution
		{B79E02F0-0D43-E63E-E023-4A4F06E696C6}.Debug|Any CPU.ActiveCfg = Debug|Any CPU
		{B79E02F0-0D43-E63E-E023-4A4F06E696C6}.Debug|Any CPU.Build.0 = Debug|Any CPU
		{B79E02F0-0D43-E63E-E023-4A4F06E696C6}.Release|Any CPU.ActiveCfg = Release|Any CPU
		{B79E02F0-0D43-E63E-E023-4A4F06E696C6}.Release|Any CPU.Build.0 = Release|Any CPU
		{E02DF67C-DCD2-2358-D489-493F83590AC5}.Debug|Any CPU.ActiveCfg = Debug|Any CPU
		{E02DF67C-DCD2-2358-D489-493F83590AC5}.Debug|Any CPU.Build.0 = Debug|Any CPU
		{E02DF67C-DCD2-2358-D489-493F83590AC5}.Release|Any CPU.ActiveCfg = Release|Any CPU
		{E02DF67C-DCD2-2358-D489-493F83590AC5}.Release|Any CPU.Build.0 = Release|Any CPU
	EndGlobalSection
	GlobalSection(SolutionProperties) = preSolution
		HideSolutionNode = FALSE
	EndGlobalSection
EndGlobal
